
Microsoft Visual Studio Solution File, Format Version 12.00
# Visual Studio Version 17
VisualStudioVersion = 17.3.32901.215
MinimumVisualStudioVersion = 10.0.40219.1
Project("{FAE04EC0-301F-11D3-BF4B-00C04F79EFBC}") = "05_inherit_figures", "05_inherit_figures\05_inherit_figures.csproj", "{B055D69A-CC77-464B-8A99-65DEBEB78BC5}"
EndProject
Global
	GlobalSection(SolutionConfigurationPlatforms) = preSolution
		Debug|Any CPU = Debug|Any CPU
		Release|Any CPU = Release|Any CPU
	EndGlobalSection
	GlobalSection(ProjectConfigurationPlatforms) = postSolution
		{B055D69A-CC77-464B-8A99-65DEBEB78BC5}.Debug|Any CPU.ActiveCfg = Debug|Any CPU
		{B055D69A-CC77-464B-8A99-65DEBEB78BC5}.Debug|Any CPU.Build.0 = Debug|Any CPU
		{B055D69A-CC77-464B-8A99-65DEBEB78BC5}.Release|Any CPU.ActiveCfg = Release|Any CPU
		{B055D69A-CC77-464B-8A99-65DEBEB78BC5}.Release|Any CPU.Build.0 = Release|Any CPU
	EndGlobalSection
	GlobalSection(SolutionProperties) = preSolution
		HideSolutionNode = FALSE
	EndGlobalSection
	GlobalSection(ExtensibilityGlobals) = postSolution
		SolutionGuid = {2A0782EF-3B83-4575-93EF-ADA9D4E883B1}
	EndGlobalSection
EndGlobal
